// !$*UTF8*$!
{
	archiveVersion = 1;
	classes = {
	};
	objectVersion = 50;
	objects = {

/* Begin PBXBuildFile section */
		57596539052CD2B584664F7D /* Pods_NFCly.framework in Frameworks */ = {isa = PBXBuildFile; fileRef = A6EB6ED30D8D5160F4C3323D /* Pods_NFCly.framework */; };
		D75E8236265C6E340052B750 /* MessageEncoder.swift in Sources */ = {isa = PBXBuildFile; fileRef = D75E8235265C6E340052B750 /* MessageEncoder.swift */; };
		D75E8238265C71BA0052B750 /* NFCWriter.swift in Sources */ = {isa = PBXBuildFile; fileRef = D75E8237265C71BA0052B750 /* NFCWriter.swift */; };
		D75E823A265C7BBC0052B750 /* NFCReader.swift in Sources */ = {isa = PBXBuildFile; fileRef = D75E8239265C7BBC0052B750 /* NFCReader.swift */; };
		D75E823C265C7F790052B750 /* MessageDecoder.swift in Sources */ = {isa = PBXBuildFile; fileRef = D75E823B265C7F790052B750 /* MessageDecoder.swift */; };
		D7FA8BBF265515E200C791E6 /* AppDelegate.swift in Sources */ = {isa = PBXBuildFile; fileRef = D7FA8BBE265515E200C791E6 /* AppDelegate.swift */; };
		D7FA8BC1265515E200C791E6 /* SceneDelegate.swift in Sources */ = {isa = PBXBuildFile; fileRef = D7FA8BC0265515E200C791E6 /* SceneDelegate.swift */; };
		D7FA8BC3265515E200C791E6 /* ContentView.swift in Sources */ = {isa = PBXBuildFile; fileRef = D7FA8BC2265515E200C791E6 /* ContentView.swift */; };
		D7FA8BC5265515E500C791E6 /* Assets.xcassets in Resources */ = {isa = PBXBuildFile; fileRef = D7FA8BC4265515E500C791E6 /* Assets.xcassets */; };
		D7FA8BC8265515E500C791E6 /* Preview Assets.xcassets in Resources */ = {isa = PBXBuildFile; fileRef = D7FA8BC7265515E500C791E6 /* Preview Assets.xcassets */; };
		D7FA8BCB265515E500C791E6 /* LaunchScreen.storyboard in Resources */ = {isa = PBXBuildFile; fileRef = D7FA8BC9265515E500C791E6 /* LaunchScreen.storyboard */; };
/* End PBXBuildFile section */

/* Begin PBXFileReference section */
		03AFDCDBA3C864E20AA04BB9 /* Pods-NFCly.debug.xcconfig */ = {isa = PBXFileReference; includeInIndex = 1; lastKnownFileType = text.xcconfig; name = "Pods-NFCly.debug.xcconfig"; path = "Target Support Files/Pods-NFCly/Pods-NFCly.debug.xcconfig"; sourceTree = "<group>"; };
		0C26EC8401EA958DE3D69C35 /* Pods-NFCly.release.xcconfig */ = {isa = PBXFileReference; includeInIndex = 1; lastKnownFileType = text.xcconfig; name = "Pods-NFCly.release.xcconfig"; path = "Target Support Files/Pods-NFCly/Pods-NFCly.release.xcconfig"; sourceTree = "<group>"; };
		A6EB6ED30D8D5160F4C3323D /* Pods_NFCly.framework */ = {isa = PBXFileReference; explicitFileType = wrapper.framework; includeInIndex = 0; path = Pods_NFCly.framework; sourceTree = BUILT_PRODUCTS_DIR; };
		D75E8235265C6E340052B750 /* MessageEncoder.swift */ = {isa = PBXFileReference; lastKnownFileType = sourcecode.swift; path = MessageEncoder.swift; sourceTree = "<group>"; };
		D75E8237265C71BA0052B750 /* NFCWriter.swift */ = {isa = PBXFileReference; lastKnownFileType = sourcecode.swift; path = NFCWriter.swift; sourceTree = "<group>"; };
		D75E8239265C7BBC0052B750 /* NFCReader.swift */ = {isa = PBXFileReference; lastKnownFileType = sourcecode.swift; path = NFCReader.swift; sourceTree = "<group>"; };
		D75E823B265C7F790052B750 /* MessageDecoder.swift */ = {isa = PBXFileReference; lastKnownFileType = sourcecode.swift; path = MessageDecoder.swift; sourceTree = "<group>"; };
		D77E7DA0265C2BBB00EE279B /* NFCly.entitlements */ = {isa = PBXFileReference; lastKnownFileType = text.plist.entitlements; path = NFCly.entitlements; sourceTree = "<group>"; };
		D7FA8BBB265515E200C791E6 /* NFCly.app */ = {isa = PBXFileReference; explicitFileType = wrapper.application; includeInIndex = 0; path = NFCly.app; sourceTree = BUILT_PRODUCTS_DIR; };
		D7FA8BBE265515E200C791E6 /* AppDelegate.swift */ = {isa = PBXFileReference; lastKnownFileType = sourcecode.swift; path = AppDelegate.swift; sourceTree = "<group>"; };
		D7FA8BC0265515E200C791E6 /* SceneDelegate.swift */ = {isa = PBXFileReference; lastKnownFileType = sourcecode.swift; path = SceneDelegate.swift; sourceTree = "<group>"; };
		D7FA8BC2265515E200C791E6 /* ContentView.swift */ = {isa = PBXFileReference; lastKnownFileType = sourcecode.swift; path = ContentView.swift; sourceTree = "<group>"; };
		D7FA8BC4265515E500C791E6 /* Assets.xcassets */ = {isa = PBXFileReference; lastKnownFileType = folder.assetcatalog; path = Assets.xcassets; sourceTree = "<group>"; };
		D7FA8BC7265515E500C791E6 /* Preview Assets.xcassets */ = {isa = PBXFileReference; lastKnownFileType = folder.assetcatalog; path = "Preview Assets.xcassets"; sourceTree = "<group>"; };
		D7FA8BCA265515E500C791E6 /* Base */ = {isa = PBXFileReference; lastKnownFileType = file.storyboard; name = Base; path = Base.lproj/LaunchScreen.storyboard; sourceTree = "<group>"; };
		D7FA8BCC265515E500C791E6 /* Info.plist */ = {isa = PBXFileReference; lastKnownFileType = text.plist.xml; path = Info.plist; sourceTree = "<group>"; };
/* End PBXFileReference section */

/* Begin PBXFrameworksBuildPhase section */
		D7FA8BB8265515E100C791E6 /* Frameworks */ = {
			isa = PBXFrameworksBuildPhase;
			buildActionMask = 2147483647;
			files = (
				57596539052CD2B584664F7D /* Pods_NFCly.framework in Frameworks */,
			);
			runOnlyForDeploymentPostprocessing = 0;
		};
/* End PBXFrameworksBuildPhase section */

/* Begin PBXGroup section */
		36740E1B76C42D43D6D37BF9 /* Pods */ = {
			isa = PBXGroup;
			children = (
				03AFDCDBA3C864E20AA04BB9 /* Pods-NFCly.debug.xcconfig */,
				0C26EC8401EA958DE3D69C35 /* Pods-NFCly.release.xcconfig */,
			);
			path = Pods;
			sourceTree = "<group>";
		};
		D75E8234265C6E220052B750 /* NFC */ = {
			isa = PBXGroup;
			children = (
				D75E8235265C6E340052B750 /* MessageEncoder.swift */,
				D75E8237265C71BA0052B750 /* NFCWriter.swift */,
				D75E8239265C7BBC0052B750 /* NFCReader.swift */,
				D75E823B265C7F790052B750 /* MessageDecoder.swift */,
			);
			path = NFC;
			sourceTree = "<group>";
		};
		D7FA8BB2265515E100C791E6 = {
			isa = PBXGroup;
			children = (
				D7FA8BBD265515E200C791E6 /* NFCly */,
				D7FA8BBC265515E200C791E6 /* Products */,
				36740E1B76C42D43D6D37BF9 /* Pods */,
				DC490F23B620A10786DE843B /* Frameworks */,
			);
			sourceTree = "<group>";
		};
		D7FA8BBC265515E200C791E6 /* Products */ = {
			isa = PBXGroup;
			children = (
				D7FA8BBB265515E200C791E6 /* NFCly.app */,
			);
			name = Products;
			sourceTree = "<group>";
		};
		D7FA8BBD265515E200C791E6 /* NFCly */ = {
			isa = PBXGroup;
			children = (
				D75E8234265C6E220052B750 /* NFC */,
				D77E7DA0265C2BBB00EE279B /* NFCly.entitlements */,
				D7FA8BBE265515E200C791E6 /* AppDelegate.swift */,
				D7FA8BC0265515E200C791E6 /* SceneDelegate.swift */,
				D7FA8BC2265515E200C791E6 /* ContentView.swift */,
				D7FA8BC4265515E500C791E6 /* Assets.xcassets */,
				D7FA8BC9265515E500C791E6 /* LaunchScreen.storyboard */,
				D7FA8BCC265515E500C791E6 /* Info.plist */,
				D7FA8BC6265515E500C791E6 /* Preview Content */,
			);
			path = NFCly;
			sourceTree = "<group>";
		};
		D7FA8BC6265515E500C791E6 /* Preview Content */ = {
			isa = PBXGroup;
			children = (
				D7FA8BC7265515E500C791E6 /* Preview Assets.xcassets */,
			);
			path = "Preview Content";
			sourceTree = "<group>";
		};
		DC490F23B620A10786DE843B /* Frameworks */ = {
			isa = PBXGroup;
			children = (
				A6EB6ED30D8D5160F4C3323D /* Pods_NFCly.framework */,
			);
			name = Frameworks;
			sourceTree = "<group>";
		};
/* End PBXGroup section */

/* Begin PBXNativeTarget section */
		D7FA8BBA265515E100C791E6 /* NFCly */ = {
			isa = PBXNativeTarget;
			buildConfigurationList = D7FA8BCF265515E500C791E6 /* Build configuration list for PBXNativeTarget "NFCly" */;
			buildPhases = (
				402AC25D8B2EFFF9777C9DCF /* [CP] Check Pods Manifest.lock */,
				D7FA8BB7265515E100C791E6 /* Sources */,
				D7FA8BB8265515E100C791E6 /* Frameworks */,
				D7FA8BB9265515E100C791E6 /* Resources */,
			);
			buildRules = (
			);
			dependencies = (
			);
			name = NFCly;
			productName = NFCly;
			productReference = D7FA8BBB265515E200C791E6 /* NFCly.app */;
			productType = "com.apple.product-type.application";
		};
/* End PBXNativeTarget section */

/* Begin PBXProject section */
		D7FA8BB3265515E100C791E6 /* Project object */ = {
			isa = PBXProject;
			attributes = {
				LastSwiftUpdateCheck = 1230;
				LastUpgradeCheck = 1230;
				TargetAttributes = {
					D7FA8BBA265515E100C791E6 = {
						CreatedOnToolsVersion = 12.3;
					};
				};
			};
			buildConfigurationList = D7FA8BB6265515E100C791E6 /* Build configuration list for PBXProject "NFCly" */;
			compatibilityVersion = "Xcode 9.3";
			developmentRegion = en;
			hasScannedForEncodings = 0;
			knownRegions = (
				en,
				Base,
			);
			mainGroup = D7FA8BB2265515E100C791E6;
			productRefGroup = D7FA8BBC265515E200C791E6 /* Products */;
			projectDirPath = "";
			projectRoot = "";
			targets = (
				D7FA8BBA265515E100C791E6 /* NFCly */,
			);
		};
/* End PBXProject section */

/* Begin PBXResourcesBuildPhase section */
		D7FA8BB9265515E100C791E6 /* Resources */ = {
			isa = PBXResourcesBuildPhase;
			buildActionMask = 2147483647;
			files = (
				D7FA8BCB265515E500C791E6 /* LaunchScreen.storyboard in Resources */,
				D7FA8BC8265515E500C791E6 /* Preview Assets.xcassets in Resources */,
				D7FA8BC5265515E500C791E6 /* Assets.xcassets in Resources */,
			);
			runOnlyForDeploymentPostprocessing = 0;
		};
/* End PBXResourcesBuildPhase section */

/* Begin PBXShellScriptBuildPhase section */
		402AC25D8B2EFFF9777C9DCF /* [CP] Check Pods Manifest.lock */ = {
			isa = PBXShellScriptBuildPhase;
			buildActionMask = 2147483647;
			files = (
			);
			inputFileListPaths = (
			);
			inputPaths = (
				"${PODS_PODFILE_DIR_PATH}/Podfile.lock",
				"${PODS_ROOT}/Manifest.lock",
			);
			name = "[CP] Check Pods Manifest.lock";
			outputFileListPaths = (
			);
			outputPaths = (
				"$(DERIVED_FILE_DIR)/Pods-NFCly-checkManifestLockResult.txt",
			);
			runOnlyForDeploymentPostprocessing = 0;
			shellPath = /bin/sh;
			shellScript = "diff \"${PODS_PODFILE_DIR_PATH}/Podfile.lock\" \"${PODS_ROOT}/Manifest.lock\" > /dev/null\nif [ $? != 0 ] ; then\n    # print error to STDERR\n    echo \"error: The sandbox is not in sync with the Podfile.lock. Run 'pod install' or update your CocoaPods installation.\" >&2\n    exit 1\nfi\n# This output is used by Xcode 'outputs' to avoid re-running this script phase.\necho \"SUCCESS\" > \"${SCRIPT_OUTPUT_FILE_0}\"\n";
			showEnvVarsInLog = 0;
		};
/* End PBXShellScriptBuildPhase section */

/* Begin PBXSourcesBuildPhase section */
		D7FA8BB7265515E100C791E6 /* Sources */ = {
			isa = PBXSourcesBuildPhase;
			buildActionMask = 2147483647;
			files = (
				D7FA8BBF265515E200C791E6 /* AppDelegate.swift in Sources */,
				D7FA8BC1265515E200C791E6 /* SceneDelegate.swift in Sources */,
				D75E823A265C7BBC0052B750 /* NFCReader.swift in Sources */,
				D75E8238265C71BA0052B750 /* NFCWriter.swift in Sources */,
				D75E8236265C6E340052B750 /* MessageEncoder.swift in Sources */,
				D75E823C265C7F790052B750 /* MessageDecoder.swift in Sources */,
				D7FA8BC3265515E200C791E6 /* ContentView.swift in Sources */,
			);
			runOnlyForDeploymentPostprocessing = 0;
		};
/* End PBXSourcesBuildPhase section */

/* Begin PBXVariantGroup section */
		D7FA8BC9265515E500C791E6 /* LaunchScreen.storyboard */ = {
			isa = PBXVariantGroup;
			children = (
				D7FA8BCA265515E500C791E6 /* Base */,
			);
			name = LaunchScreen.storyboard;
			sourceTree = "<group>";
		};
/* End PBXVariantGroup section */

/* Begin XCBuildConfiguration section */
		D7FA8BCD265515E500C791E6 /* Debug */ = {
			isa = XCBuildConfiguration;
			buildSettings = {
				ALWAYS_SEARCH_USER_PATHS = NO;
				CLANG_ANALYZER_NONNULL = YES;
				CLANG_ANALYZER_NUMBER_OBJECT_CONVERSION = YES_AGGRESSIVE;
				CLANG_CXX_LANGUAGE_STANDARD = "gnu++14";
				CLANG_CXX_LIBRARY = "libc++";
				CLANG_ENABLE_MODULES = YES;
				CLANG_ENABLE_OBJC_ARC = YES;
				CLANG_ENABLE_OBJC_WEAK = YES;
				CLANG_WARN_BLOCK_CAPTURE_AUTORELEASING = YES;
				CLANG_WARN_BOOL_CONVERSION = YES;
				CLANG_WARN_COMMA = YES;
				CLANG_WARN_CONSTANT_CONVERSION = YES;
				CLANG_WARN_DEPRECATED_OBJC_IMPLEMENTATIONS = YES;
				CLANG_WARN_DIRECT_OBJC_ISA_USAGE = YES_ERROR;
				CLANG_WARN_DOCUMENTATION_COMMENTS = YES;
				CLANG_WARN_EMPTY_BODY = YES;
				CLANG_WARN_ENUM_CONVERSION = YES;
				CLANG_WARN_INFINITE_RECURSION = YES;
				CLANG_WARN_INT_CONVERSION = YES;
				CLANG_WARN_NON_LITERAL_NULL_CONVERSION = YES;
				CLANG_WARN_OBJC_IMPLICIT_RETAIN_SELF = YES;
				CLANG_WARN_OBJC_LITERAL_CONVERSION = YES;
				CLANG_WARN_OBJC_ROOT_CLASS = YES_ERROR;
				CLANG_WARN_QUOTED_INCLUDE_IN_FRAMEWORK_HEADER = YES;
				CLANG_WARN_RANGE_LOOP_ANALYSIS = YES;
				CLANG_WARN_STRICT_PROTOTYPES = YES;
				CLANG_WARN_SUSPICIOUS_MOVE = YES;
				CLANG_WARN_UNGUARDED_AVAILABILITY = YES_AGGRESSIVE;
				CLANG_WARN_UNREACHABLE_CODE = YES;
				CLANG_WARN__DUPLICATE_METHOD_MATCH = YES;
				COPY_PHASE_STRIP = NO;
				DEBUG_INFORMATION_FORMAT = dwarf;
				ENABLE_STRICT_OBJC_MSGSEND = YES;
				ENABLE_TESTABILITY = YES;
				GCC_C_LANGUAGE_STANDARD = gnu11;
				GCC_DYNAMIC_NO_PIC = NO;
				GCC_NO_COMMON_BLOCKS = YES;
				GCC_OPTIMIZATION_LEVEL = 0;
				GCC_PREPROCESSOR_DEFINITIONS = (
					"DEBUG=1",
					"$(inherited)",
				);
				GCC_WARN_64_TO_32_BIT_CONVERSION = YES;
				GCC_WARN_ABOUT_RETURN_TYPE = YES_ERROR;
				GCC_WARN_UNDECLARED_SELECTOR = YES;
				GCC_WARN_UNINITIALIZED_AUTOS = YES_AGGRESSIVE;
				GCC_WARN_UNUSED_FUNCTION = YES;
				GCC_WARN_UNUSED_VARIABLE = YES;
				IPHONEOS_DEPLOYMENT_TARGET = 14.3;
				MTL_ENABLE_DEBUG_INFO = INCLUDE_SOURCE;
				MTL_FAST_MATH = YES;
				ONLY_ACTIVE_ARCH = YES;
				SDKROOT = iphoneos;
				SWIFT_ACTIVE_COMPILATION_CONDITIONS = DEBUG;
				SWIFT_OPTIMIZATION_LEVEL = "-Onone";
			};
			name = Debug;
		};
		D7FA8BCE265515E500C791E6 /* Release */ = {
			isa = XCBuildConfiguration;
			buildSettings = {
				ALWAYS_SEARCH_USER_PATHS = NO;
				CLANG_ANALYZER_NONNULL = YES;
				CLANG_ANALYZER_NUMBER_OBJECT_CONVERSION = YES_AGGRESSIVE;
				CLANG_CXX_LANGUAGE_STANDARD = "gnu++14";
				CLANG_CXX_LIBRARY = "libc++";
				CLANG_ENABLE_MODULES = YES;
				CLANG_ENABLE_OBJC_ARC = YES;
				CLANG_ENABLE_OBJC_WEAK = YES;
				CLANG_WARN_BLOCK_CAPTURE_AUTORELEASING = YES;
				CLANG_WARN_BOOL_CONVERSION = YES;
				CLANG_WARN_COMMA = YES;
				CLANG_WARN_CONSTANT_CONVERSION = YES;
				CLANG_WARN_DEPRECATED_OBJC_IMPLEMENTATIONS = YES;
				CLANG_WARN_DIRECT_OBJC_ISA_USAGE = YES_ERROR;
				CLANG_WARN_DOCUMENTATION_COMMENTS = YES;
				CLANG_WARN_EMPTY_BODY = YES;
				CLANG_WARN_ENUM_CONVERSION = YES;
				CLANG_WARN_INFINITE_RECURSION = YES;
				CLANG_WARN_INT_CONVERSION = YES;
				CLANG_WARN_NON_LITERAL_NULL_CONVERSION = YES;
				CLANG_WARN_OBJC_IMPLICIT_RETAIN_SELF = YES;
				CLANG_WARN_OBJC_LITERAL_CONVERSION = YES;
				CLANG_WARN_OBJC_ROOT_CLASS = YES_ERROR;
				CLANG_WARN_QUOTED_INCLUDE_IN_FRAMEWORK_HEADER = YES;
				CLANG_WARN_RANGE_LOOP_ANALYSIS = YES;
				CLANG_WARN_STRICT_PROTOTYPES = YES;
				CLANG_WARN_SUSPICIOUS_MOVE = YES;
				CLANG_WARN_UNGUARDED_AVAILABILITY = YES_AGGRESSIVE;
				CLANG_WARN_UNREACHABLE_CODE = YES;
				CLANG_WARN__DUPLICATE_METHOD_MATCH = YES;
				COPY_PHASE_STRIP = NO;
				DEBUG_INFORMATION_FORMAT = "dwarf-with-dsym";
				ENABLE_NS_ASSERTIONS = NO;
				ENABLE_STRICT_OBJC_MSGSEND = YES;
				GCC_C_LANGUAGE_STANDARD = gnu11;
				GCC_NO_COMMON_BLOCKS = YES;
				GCC_WARN_64_TO_32_BIT_CONVERSION = YES;
				GCC_WARN_ABOUT_RETURN_TYPE = YES_ERROR;
				GCC_WARN_UNDECLARED_SELECTOR = YES;
				GCC_WARN_UNINITIALIZED_AUTOS = YES_AGGRESSIVE;
				GCC_WARN_UNUSED_FUNCTION = YES;
				GCC_WARN_UNUSED_VARIABLE = YES;
				IPHONEOS_DEPLOYMENT_TARGET = 14.3;
				MTL_ENABLE_DEBUG_INFO = NO;
				MTL_FAST_MATH = YES;
				SDKROOT = iphoneos;
				SWIFT_COMPILATION_MODE = wholemodule;
				SWIFT_OPTIMIZATION_LEVEL = "-O";
				VALIDATE_PRODUCT = YES;
			};
			name = Release;
		};
		D7FA8BD0265515E500C791E6 /* Debug */ = {
			isa = XCBuildConfiguration;
			baseConfigurationReference = 03AFDCDBA3C864E20AA04BB9 /* Pods-NFCly.debug.xcconfig */;
			buildSettings = {
				ASSETCATALOG_COMPILER_APPICON_NAME = AppIcon;
				ASSETCATALOG_COMPILER_GLOBAL_ACCENT_COLOR_NAME = AccentColor;
				CODE_SIGN_ENTITLEMENTS = NFCly/NFCly.entitlements;
				CODE_SIGN_STYLE = Automatic;
				DEVELOPMENT_ASSET_PATHS = "\"NFCly/Preview Content\"";
				DEVELOPMENT_TEAM = "";
				ENABLE_PREVIEWS = YES;
				INFOPLIST_FILE = NFCly/Info.plist;
				LD_RUNPATH_SEARCH_PATHS = (
					"$(inherited)",
					"@executable_path/Frameworks",
				);
				PRODUCT_BUNDLE_IDENTIFIER = com.itransition.goncharik.georgei.NFCly;
				PRODUCT_NAME = "$(TARGET_NAME)";
				SWIFT_VERSION = 5.0;
				TARGETED_DEVICE_FAMILY = "1,2";
			};
			name = Debug;
		};
		D7FA8BD1265515E500C791E6 /* Release */ = {
			isa = XCBuildConfiguration;
			baseConfigurationReference = 0C26EC8401EA958DE3D69C35 /* Pods-NFCly.release.xcconfig */;
			buildSettings = {
				ASSETCATALOG_COMPILER_APPICON_NAME = AppIcon;
				ASSETCATALOG_COMPILER_GLOBAL_ACCENT_COLOR_NAME = AccentColor;
				CODE_SIGN_ENTITLEMENTS = NFCly/NFCly.entitlements;
				CODE_SIGN_STYLE = Automatic;
				DEVELOPMENT_ASSET_PATHS = "\"NFCly/Preview Content\"";
				DEVELOPMENT_TEAM = "";
				ENABLE_PREVIEWS = YES;
				INFOPLIST_FILE = NFCly/Info.plist;
				LD_RUNPATH_SEARCH_PATHS = (
					"$(inherited)",
					"@executable_path/Frameworks",
				);
				PRODUCT_BUNDLE_IDENTIFIER = com.itransition.goncharik.georgei.NFCly;
				PRODUCT_NAME = "$(TARGET_NAME)";
				SWIFT_VERSION = 5.0;
				TARGETED_DEVICE_FAMILY = "1,2";
			};
			name = Release;
		};
/* End XCBuildConfiguration section */

/* Begin XCConfigurationList section */
		D7FA8BB6265515E100C791E6 /* Build configuration list for PBXProject "NFCly" */ = {
			isa = XCConfigurationList;
			buildConfigurations = (
				D7FA8BCD265515E500C791E6 /* Debug */,
				D7FA8BCE265515E500C791E6 /* Release */,
			);
			defaultConfigurationIsVisible = 0;
			defaultConfigurationName = Release;
		};
		D7FA8BCF265515E500C791E6 /* Build configuration list for PBXNativeTarget "NFCly" */ = {
			isa = XCConfigurationList;
			buildConfigurations = (
				D7FA8BD0265515E500C791E6 /* Debug */,
				D7FA8BD1265515E500C791E6 /* Release */,
			);
			defaultConfigurationIsVisible = 0;
			defaultConfigurationName = Release;
		};
/* End XCConfigurationList section */
	};
	rootObject = D7FA8BB3265515E100C791E6 /* Project object */;
}
